
Microsoft Visual Studio Solution File, Format Version 12.00
# Visual Studio Version 17
VisualStudioVersion = 17.3.32929.385
MinimumVisualStudioVersion = 10.0.40219.1
Project("{FAE04EC0-301F-11D3-BF4B-00C04F79EFBC}") = "PeliculasApi", "PeliculasApi\PeliculasApi.csproj", "{998820E8-D4D3-46C1-A67B-6CA6871786CF}"
EndProject
Global
	GlobalSection(SolutionConfigurationPlatforms) = preSolution
		Debug|Any CPU = Debug|Any CPU
		Release|Any CPU = Release|Any CPU
	EndGlobalSection
	GlobalSection(ProjectConfigurationPlatforms) = postSolution
		{998820E8-D4D3-46C1-A67B-6CA6871786CF}.Debug|Any CPU.ActiveCfg = Debug|Any CPU
		{998820E8-D4D3-46C1-A67B-6CA6871786CF}.Debug|Any CPU.Build.0 = Debug|Any CPU
		{998820E8-D4D3-46C1-A67B-6CA6871786CF}.Release|Any CPU.ActiveCfg = Release|Any CPU
		{998820E8-D4D3-46C1-A67B-6CA6871786CF}.Release|Any CPU.Build.0 = Release|Any CPU
	EndGlobalSection
	GlobalSection(SolutionProperties) = preSolution
		HideSolutionNode = FALSE
	EndGlobalSection
	GlobalSection(ExtensibilityGlobals) = postSolution
		SolutionGuid = {0C4267D2-7A60-447B-AD92-D41EE1D8AF8F}
	EndGlobalSection
EndGlobal
