
Microsoft Visual Studio Solution File, Format Version 12.00
# Visual Studio Version 17
VisualStudioVersion = 17.8.34330.188
MinimumVisualStudioVersion = 10.0.40219.1
Project("{FAE04EC0-301F-11D3-BF4B-00C04F79EFBC}") = "PeliculasAPI", "PeliculasAPI.csproj", "{123B78E5-49F3-41B9-B4C6-3BF99DC4549B}"
EndProject
Global
	GlobalSection(SolutionConfigurationPlatforms) = preSolution
		Debug|Any CPU = Debug|Any CPU
		Release|Any CPU = Release|Any CPU
	EndGlobalSection
	GlobalSection(ProjectConfigurationPlatforms) = postSolution
		{123B78E5-49F3-41B9-B4C6-3BF99DC4549B}.Debug|Any CPU.ActiveCfg = Debug|Any CPU
		{123B78E5-49F3-41B9-B4C6-3BF99DC4549B}.Debug|Any CPU.Build.0 = Debug|Any CPU
		{123B78E5-49F3-41B9-B4C6-3BF99DC4549B}.Release|Any CPU.ActiveCfg = Release|Any CPU
		{123B78E5-49F3-41B9-B4C6-3BF99DC4549B}.Release|Any CPU.Build.0 = Release|Any CPU
	EndGlobalSection
	GlobalSection(SolutionProperties) = preSolution
		HideSolutionNode = FALSE
	EndGlobalSection
	GlobalSection(ExtensibilityGlobals) = postSolution
		SolutionGuid = {2EC1D4CA-78C2-4A4F-925D-C08A25FC1F80}
	EndGlobalSection
EndGlobal
